
Microsoft Visual Studio Solution File, Format Version 12.00
# Visual Studio 14
VisualStudioVersion = 14.0.25420.1
MinimumVisualStudioVersion = 10.0.40219.1
Project("{FAE04EC0-301F-11D3-BF4B-00C04F79EFBC}") = "AlloyDiagram.MVC", "AlloyDiagram\AlloyDiagram.MVC.csproj", "{F7C212DF-7047-4CBB-BA25-FD2D3D4BEF3B}"
EndProject
Project("{FAE04EC0-301F-11D3-BF4B-00C04F79EFBC}") = "AlloyUiDiagram", "AlloyUiDiagram\AlloyUiDiagram.csproj", "{95025A59-2E97-483E-B8C8-D3280881200B}"
EndProject
Global
	GlobalSection(SolutionConfigurationPlatforms) = preSolution
		Debug|Any CPU = Debug|Any CPU
		Release|Any CPU = Release|Any CPU
	EndGlobalSection
	GlobalSection(ProjectConfigurationPlatforms) = postSolution
		{F7C212DF-7047-4CBB-BA25-FD2D3D4BEF3B}.Debug|Any CPU.ActiveCfg = Debug|Any CPU
		{F7C212DF-7047-4CBB-BA25-FD2D3D4BEF3B}.Debug|Any CPU.Build.0 = Debug|Any CPU
		{F7C212DF-7047-4CBB-BA25-FD2D3D4BEF3B}.Release|Any CPU.ActiveCfg = Release|Any CPU
		{F7C212DF-7047-4CBB-BA25-FD2D3D4BEF3B}.Release|Any CPU.Build.0 = Release|Any CPU
		{95025A59-2E97-483E-B8C8-D3280881200B}.Debug|Any CPU.ActiveCfg = Debug|Any CPU
		{95025A59-2E97-483E-B8C8-D3280881200B}.Debug|Any CPU.Build.0 = Debug|Any CPU
		{95025A59-2E97-483E-B8C8-D3280881200B}.Release|Any CPU.ActiveCfg = Release|Any CPU
		{95025A59-2E97-483E-B8C8-D3280881200B}.Release|Any CPU.Build.0 = Release|Any CPU
	EndGlobalSection
	GlobalSection(SolutionProperties) = preSolution
		HideSolutionNode = FALSE
	EndGlobalSection
EndGlobal
